
Microsoft Visual Studio Solution File, Format Version 12.00
# Visual Studio Version 17
VisualStudioVersion = 17.14.36414.22
MinimumVisualStudioVersion = 10.0.40219.1
Project("{2150E333-8FDC-42A3-9474-1A3956D46DE8}") = "Task0", "Task0", "{02EA681E-C7D8-13C7-8484-4AC65E1B71E8}"
EndProject
Project("{FAE04EC0-301F-11D3-BF4B-00C04F79EFBC}") = "Tyuiu.ZakharovaVI.Sprint6.Task0.V2.Lib", "Tyuiu.ZakharovaVI.Sprint6.Task0.V2.Lib\Tyuiu.ZakharovaVI.Sprint6.Task0.V2.Lib.csproj", "{F02C1CCF-D40B-4714-9CC0-E638DC4A2B80}"
EndProject
Project("{FAE04EC0-301F-11D3-BF4B-00C04F79EFBC}") = "Tyuiu.ZakharovaVI.Sprint6.Task0.V2.Test", "Tyuiu.ZakharovaVI.Sprint6.Task0.V2.Test\Tyuiu.ZakharovaVI.Sprint6.Task0.V2.Test.csproj", "{9A8594BB-06AE-4EBC-BC8A-22B1BB3E3A21}"
EndProject
Project("{FAE04EC0-301F-11D3-BF4B-00C04F79EFBC}") = "Tyuiu.ZakharovaVI.Sprint6.Task0.V2", "Tyuiu.ZakharovaVI.Sprint6.Task0.V2\Tyuiu.ZakharovaVI.Sprint6.Task0.V2.csproj", "{519913C5-6867-4353-A7FB-91D4C33F0F22}"
EndProject
Project("{2150E333-8FDC-42A3-9474-1A3956D46DE8}") = "Task1", "Task1", "{6BB1DBA1-D507-4404-8DA6-4CE0D9416498}"
EndProject
Project("{FAE04EC0-301F-11D3-BF4B-00C04F79EFBC}") = "Tyuiu.ZakharovaVI.Sprint6.Task1.V2.Lib", "Tyuiu.ZakharovaVI.Sprint6.Task1.V2.Lib\Tyuiu.ZakharovaVI.Sprint6.Task1.V2.Lib.csproj", "{CFCBB828-87E8-4FB3-A810-6B3428311983}"
EndProject
Project("{FAE04EC0-301F-11D3-BF4B-00C04F79EFBC}") = "Tyuiu.ZakharovaVI.Sprint6.Task1.V2.Test", "Tyuiu.ZakharovaVI.Sprint6.Task1.V2.Test\Tyuiu.ZakharovaVI.Sprint6.Task1.V2.Test.csproj", "{716BEB6F-4CB2-4885-A9FC-D6F4C7F9421D}"
EndProject
Project("{FAE04EC0-301F-11D3-BF4B-00C04F79EFBC}") = "Tyuiu.ZakharovaVI.Sprint6.Task1.V2", "Tyuiu.ZakharovaVI.Sprint6.Task1.V2\Tyuiu.ZakharovaVI.Sprint6.Task1.V2.csproj", "{3480637A-4644-475E-82D2-3CA03A4ED5CB}"
EndProject
Project("{2150E333-8FDC-42A3-9474-1A3956D46DE8}") = "Task2", "Task2", "{548D950A-C6FE-4988-915F-B4166CC5B1A5}"
EndProject
Project("{FAE04EC0-301F-11D3-BF4B-00C04F79EFBC}") = "Tyuiu.ZakharovaVI.Sprint6.Task2.V4.Test", "Tyuiu.ZakharovaVI.Sprint6.Task2.V4.Test\Tyuiu.ZakharovaVI.Sprint6.Task2.V4.Test.csproj", "{23B5E558-4C6F-44E1-8BCB-A943AD0A3A0A}"
EndProject
Project("{FAE04EC0-301F-11D3-BF4B-00C04F79EFBC}") = "Tyuiu.ZakharovaVI.Sprint6.Task2.V4", "Tyuiu.ZakharovaVI.Sprint6.Task2.V4\Tyuiu.ZakharovaVI.Sprint6.Task2.V4.csproj", "{0FFD60E2-1804-4F10-BD0A-155FBDCB0F0A}"
EndProject
Project("{FAE04EC0-301F-11D3-BF4B-00C04F79EFBC}") = "Tyuiu.ZakharovaVI.Sprint6.Task2.V4.Lib", "Tyuiu.ZakharovaVI.Sprint6.Task2.V4.Lib\Tyuiu.ZakharovaVI.Sprint6.Task2.V4.Lib.csproj", "{ECB438F6-ACD8-47BB-BC1F-853D3F88B5C6}"
EndProject
Project("{FAE04EC0-301F-11D3-BF4B-00C04F79EFBC}") = "WinFormsAppChart", "..\WinFormsAppChart\WinFormsAppChart\WinFormsAppChart.csproj", "{B8FC8CAC-AFF5-EF3D-A11E-49DB7F45A149}"
EndProject
Project("{2150E333-8FDC-42A3-9474-1A3956D46DE8}") = "Task3", "Task3", "{D377AE68-AD43-4364-B1F9-64FE03CF2BFF}"
EndProject
Project("{FAE04EC0-301F-11D3-BF4B-00C04F79EFBC}") = "Tyuiu.ZakharovaVI.Sprint6.Task3.V8.Lib", "Tyuiu.ZakharovaVI.Sprint6.Task3.V8.Lib\Tyuiu.ZakharovaVI.Sprint6.Task3.V8.Lib.csproj", "{09D841D5-F392-4D11-A71E-C76D5A3BAD7A}"
EndProject
Project("{FAE04EC0-301F-11D3-BF4B-00C04F79EFBC}") = "Tyuiu.ZakharovaVI.Sprint6.Task3.V8", "Tyuiu.ZakharovaVI.Sprint6.Task3.V8\Tyuiu.ZakharovaVI.Sprint6.Task3.V8.csproj", "{6410C544-8F4F-4AFF-9212-DC122D70EB9E}"
EndProject
Project("{FAE04EC0-301F-11D3-BF4B-00C04F79EFBC}") = "Tyuiu.ZakharovaVI.Sprint6.Task3.V8.Test", "Tyuiu.ZakharovaVI.Sprint6.Task3.V8.Test\Tyuiu.ZakharovaVI.Sprint6.Task3.V8.Test.csproj", "{11CC36ED-3B29-4730-A809-71351B8A6D3D}"
EndProject
Project("{2150E333-8FDC-42A3-9474-1A3956D46DE8}") = "Task4", "Task4", "{621DC497-6E8B-4629-83C2-E59E12350070}"
EndProject
Project("{FAE04EC0-301F-11D3-BF4B-00C04F79EFBC}") = "Tyuiu.ZakharovaVI.Sprint6.Task4.V18.Lib", "Tyuiu.ZakharovaVI.Sprint6.Task4.V18.Lib\Tyuiu.ZakharovaVI.Sprint6.Task4.V18.Lib.csproj", "{78C5C641-CCC0-40A9-A273-26E719FFA635}"
EndProject
Project("{FAE04EC0-301F-11D3-BF4B-00C04F79EFBC}") = "Tyuiu.ZakharovaVI.Sprint6.Task4.V18.Test", "Tyuiu.ZakharovaVI.Sprint6.Task4.V18.Test\Tyuiu.ZakharovaVI.Sprint6.Task4.V18.Test.csproj", "{D0FB28AC-E0E6-4A1B-B1DA-EA9C31FC3046}"
EndProject
Project("{FAE04EC0-301F-11D3-BF4B-00C04F79EFBC}") = "Tyuiu.ZakharovaVI.Sprint6.Task4.V18", "Tyuiu.ZakharovaVI.Sprint6.Task4.V18\Tyuiu.ZakharovaVI.Sprint6.Task4.V18.csproj", "{8A8B270D-73E8-4949-B208-47B1977400B6}"
EndProject
Project("{2150E333-8FDC-42A3-9474-1A3956D46DE8}") = "Task5", "Task5", "{970061B0-4E8C-4795-8900-66C589DFFAC0}"
EndProject
Project("{FAE04EC0-301F-11D3-BF4B-00C04F79EFBC}") = "Tyuiu.ZakharovaVI.Sprint6.Task5.V14.Lib", "Tyuiu.ZakharovaVI.Sprint6.Task5.V14.Lib\Tyuiu.ZakharovaVI.Sprint6.Task5.V14.Lib.csproj", "{C0166629-AA4F-4812-96F9-7C28CD9AFD1B}"
EndProject
Project("{FAE04EC0-301F-11D3-BF4B-00C04F79EFBC}") = "Tyuiu.ZakharovaVI.Sprint6.Task5.V14.Test", "Tyuiu.ZakharovaVI.Sprint6.Task5.V14.Test\Tyuiu.ZakharovaVI.Sprint6.Task5.V14.Test.csproj", "{582FD5E4-AC38-4F9E-9518-28C0D314FE33}"
EndProject
Project("{FAE04EC0-301F-11D3-BF4B-00C04F79EFBC}") = "Tyuiu.ZakharovaVI.Sprint6.Task5.V14", "Tyuiu.ZakharovaVI.Sprint6.Task5.V14\Tyuiu.ZakharovaVI.Sprint6.Task5.V14.csproj", "{B16ADDEE-09FF-4004-A3F6-6A333D271B94}"
EndProject
Project("{2150E333-8FDC-42A3-9474-1A3956D46DE8}") = "Task6", "Task6", "{EEC6BFB7-E39A-4C80-8E2E-14C173AB04C0}"
EndProject
Project("{FAE04EC0-301F-11D3-BF4B-00C04F79EFBC}") = "Tyuiu.ZakharovaVI.Sprint6.Task6.V5.Lib", "Tyuiu.ZakharovaVI.Sprint6.Task6.V5.Lib\Tyuiu.ZakharovaVI.Sprint6.Task6.V5.Lib.csproj", "{5056699B-5171-4963-A7AD-98E523B7D969}"
EndProject
Project("{FAE04EC0-301F-11D3-BF4B-00C04F79EFBC}") = "Tyuiu.ZakharovaVI.Sprint6.Task6.V5.Test", "Tyuiu.ZakharovaVI.Sprint6.Task6.V5.Test\Tyuiu.ZakharovaVI.Sprint6.Task6.V5.Test.csproj", "{E2E20EC0-83F3-4E54-9091-5EA9D3625910}"
EndProject
Project("{FAE04EC0-301F-11D3-BF4B-00C04F79EFBC}") = "Tyuiu.ZakharovaVI.Sprint6.Task6.V5", "Tyuiu.ZakharovaVI.Sprint6.Task6.V5\Tyuiu.ZakharovaVI.Sprint6.Task6.V5.csproj", "{B4941D0A-BD68-4E7B-8D8A-2495C94695DB}"
EndProject
Global
	GlobalSection(SolutionConfigurationPlatforms) = preSolution
		Debug|Any CPU = Debug|Any CPU
		Release|Any CPU = Release|Any CPU
	EndGlobalSection
	GlobalSection(ProjectConfigurationPlatforms) = postSolution
		{F02C1CCF-D40B-4714-9CC0-E638DC4A2B80}.Debug|Any CPU.ActiveCfg = Debug|Any CPU
		{F02C1CCF-D40B-4714-9CC0-E638DC4A2B80}.Debug|Any CPU.Build.0 = Debug|Any CPU
		{F02C1CCF-D40B-4714-9CC0-E638DC4A2B80}.Release|Any CPU.ActiveCfg = Release|Any CPU
		{F02C1CCF-D40B-4714-9CC0-E638DC4A2B80}.Release|Any CPU.Build.0 = Release|Any CPU
		{9A8594BB-06AE-4EBC-BC8A-22B1BB3E3A21}.Debug|Any CPU.ActiveCfg = Debug|Any CPU
		{9A8594BB-06AE-4EBC-BC8A-22B1BB3E3A21}.Debug|Any CPU.Build.0 = Debug|Any CPU
		{9A8594BB-06AE-4EBC-BC8A-22B1BB3E3A21}.Release|Any CPU.ActiveCfg = Release|Any CPU
		{9A8594BB-06AE-4EBC-BC8A-22B1BB3E3A21}.Release|Any CPU.Build.0 = Release|Any CPU
		{519913C5-6867-4353-A7FB-91D4C33F0F22}.Debug|Any CPU.ActiveCfg = Debug|Any CPU
		{519913C5-6867-4353-A7FB-91D4C33F0F22}.Debug|Any CPU.Build.0 = Debug|Any CPU
		{519913C5-6867-4353-A7FB-91D4C33F0F22}.Release|Any CPU.ActiveCfg = Release|Any CPU
		{519913C5-6867-4353-A7FB-91D4C33F0F22}.Release|Any CPU.Build.0 = Release|Any CPU
		{CFCBB828-87E8-4FB3-A810-6B3428311983}.Debug|Any CPU.ActiveCfg = Debug|Any CPU
		{CFCBB828-87E8-4FB3-A810-6B3428311983}.Debug|Any CPU.Build.0 = Debug|Any CPU
		{CFCBB828-87E8-4FB3-A810-6B3428311983}.Release|Any CPU.ActiveCfg = Release|Any CPU
		{CFCBB828-87E8-4FB3-A810-6B3428311983}.Release|Any CPU.Build.0 = Release|Any CPU
		{716BEB6F-4CB2-4885-A9FC-D6F4C7F9421D}.Debug|Any CPU.ActiveCfg = Debug|Any CPU
		{716BEB6F-4CB2-4885-A9FC-D6F4C7F9421D}.Debug|Any CPU.Build.0 = Debug|Any CPU
		{716BEB6F-4CB2-4885-A9FC-D6F4C7F9421D}.Release|Any CPU.ActiveCfg = Release|Any CPU
		{716BEB6F-4CB2-4885-A9FC-D6F4C7F9421D}.Release|Any CPU.Build.0 = Release|Any CPU
		{3480637A-4644-475E-82D2-3CA03A4ED5CB}.Debug|Any CPU.ActiveCfg = Debug|Any CPU
		{3480637A-4644-475E-82D2-3CA03A4ED5CB}.Debug|Any CPU.Build.0 = Debug|Any CPU
		{3480637A-4644-475E-82D2-3CA03A4ED5CB}.Release|Any CPU.ActiveCfg = Release|Any CPU
		{3480637A-4644-475E-82D2-3CA03A4ED5CB}.Release|Any CPU.Build.0 = Release|Any CPU
		{23B5E558-4C6F-44E1-8BCB-A943AD0A3A0A}.Debug|Any CPU.ActiveCfg = Debug|Any CPU
		{23B5E558-4C6F-44E1-8BCB-A943AD0A3A0A}.Debug|Any CPU.Build.0 = Debug|Any CPU
		{23B5E558-4C6F-44E1-8BCB-A943AD0A3A0A}.Release|Any CPU.ActiveCfg = Release|Any CPU
		{23B5E558-4C6F-44E1-8BCB-A943AD0A3A0A}.Release|Any CPU.Build.0 = Release|Any CPU
		{0FFD60E2-1804-4F10-BD0A-155FBDCB0F0A}.Debug|Any CPU.ActiveCfg = Debug|Any CPU
		{0FFD60E2-1804-4F10-BD0A-155FBDCB0F0A}.Debug|Any CPU.Build.0 = Debug|Any CPU
		{0FFD60E2-1804-4F10-BD0A-155FBDCB0F0A}.Release|Any CPU.ActiveCfg = Release|Any CPU
		{0FFD60E2-1804-4F10-BD0A-155FBDCB0F0A}.Release|Any CPU.Build.0 = Release|Any CPU
		{ECB438F6-ACD8-47BB-BC1F-853D3F88B5C6}.Debug|Any CPU.ActiveCfg = Debug|Any CPU
		{ECB438F6-ACD8-47BB-BC1F-853D3F88B5C6}.Debug|Any CPU.Build.0 = Debug|Any CPU
		{ECB438F6-ACD8-47BB-BC1F-853D3F88B5C6}.Release|Any CPU.ActiveCfg = Release|Any CPU
		{ECB438F6-ACD8-47BB-BC1F-853D3F88B5C6}.Release|Any CPU.Build.0 = Release|Any CPU
		{B8FC8CAC-AFF5-EF3D-A11E-49DB7F45A149}.Debug|Any CPU.ActiveCfg = Debug|Any CPU
		{B8FC8CAC-AFF5-EF3D-A11E-49DB7F45A149}.Debug|Any CPU.Build.0 = Debug|Any CPU
		{B8FC8CAC-AFF5-EF3D-A11E-49DB7F45A149}.Release|Any CPU.ActiveCfg = Release|Any CPU
		{B8FC8CAC-AFF5-EF3D-A11E-49DB7F45A149}.Release|Any CPU.Build.0 = Release|Any CPU
		{09D841D5-F392-4D11-A71E-C76D5A3BAD7A}.Debug|Any CPU.ActiveCfg = Debug|Any CPU
		{09D841D5-F392-4D11-A71E-C76D5A3BAD7A}.Debug|Any CPU.Build.0 = Debug|Any CPU
		{09D841D5-F392-4D11-A71E-C76D5A3BAD7A}.Release|Any CPU.ActiveCfg = Release|Any CPU
		{09D841D5-F392-4D11-A71E-C76D5A3BAD7A}.Release|Any CPU.Build.0 = Release|Any CPU
		{6410C544-8F4F-4AFF-9212-DC122D70EB9E}.Debug|Any CPU.ActiveCfg = Debug|Any CPU
		{6410C544-8F4F-4AFF-9212-DC122D70EB9E}.Debug|Any CPU.Build.0 = Debug|Any CPU
		{6410C544-8F4F-4AFF-9212-DC122D70EB9E}.Release|Any CPU.ActiveCfg = Release|Any CPU
		{6410C544-8F4F-4AFF-9212-DC122D70EB9E}.Release|Any CPU.Build.0 = Release|Any CPU
		{11CC36ED-3B29-4730-A809-71351B8A6D3D}.Debug|Any CPU.ActiveCfg = Debug|Any CPU
		{11CC36ED-3B29-4730-A809-71351B8A6D3D}.Debug|Any CPU.Build.0 = Debug|Any CPU
		{11CC36ED-3B29-4730-A809-71351B8A6D3D}.Release|Any CPU.ActiveCfg = Release|Any CPU
		{11CC36ED-3B29-4730-A809-71351B8A6D3D}.Release|Any CPU.Build.0 = Release|Any CPU
		{78C5C641-CCC0-40A9-A273-26E719FFA635}.Debug|Any CPU.ActiveCfg = Debug|Any CPU
		{78C5C641-CCC0-40A9-A273-26E719FFA635}.Debug|Any CPU.Build.0 = Debug|Any CPU
		{78C5C641-CCC0-40A9-A273-26E719FFA635}.Release|Any CPU.ActiveCfg = Release|Any CPU
		{78C5C641-CCC0-40A9-A273-26E719FFA635}.Release|Any CPU.Build.0 = Release|Any CPU
		{D0FB28AC-E0E6-4A1B-B1DA-EA9C31FC3046}.Debug|Any CPU.ActiveCfg = Debug|Any CPU
		{D0FB28AC-E0E6-4A1B-B1DA-EA9C31FC3046}.Debug|Any CPU.Build.0 = Debug|Any CPU
		{D0FB28AC-E0E6-4A1B-B1DA-EA9C31FC3046}.Release|Any CPU.ActiveCfg = Release|Any CPU
		{D0FB28AC-E0E6-4A1B-B1DA-EA9C31FC3046}.Release|Any CPU.Build.0 = Release|Any CPU
		{8A8B270D-73E8-4949-B208-47B1977400B6}.Debug|Any CPU.ActiveCfg = Debug|Any CPU
		{8A8B270D-73E8-4949-B208-47B1977400B6}.Debug|Any CPU.Build.0 = Debug|Any CPU
		{8A8B270D-73E8-4949-B208-47B1977400B6}.Release|Any CPU.ActiveCfg = Release|Any CPU
		{8A8B270D-73E8-4949-B208-47B1977400B6}.Release|Any CPU.Build.0 = Release|Any CPU
		{C0166629-AA4F-4812-96F9-7C28CD9AFD1B}.Debug|Any CPU.ActiveCfg = Debug|Any CPU
		{C0166629-AA4F-4812-96F9-7C28CD9AFD1B}.Debug|Any CPU.Build.0 = Debug|Any CPU
		{C0166629-AA4F-4812-96F9-7C28CD9AFD1B}.Release|Any CPU.ActiveCfg = Release|Any CPU
		{C0166629-AA4F-4812-96F9-7C28CD9AFD1B}.Release|Any CPU.Build.0 = Release|Any CPU
		{582FD5E4-AC38-4F9E-9518-28C0D314FE33}.Debug|Any CPU.ActiveCfg = Debug|Any CPU
		{582FD5E4-AC38-4F9E-9518-28C0D314FE33}.Debug|Any CPU.Build.0 = Debug|Any CPU
		{582FD5E4-AC38-4F9E-9518-28C0D314FE33}.Release|Any CPU.ActiveCfg = Release|Any CPU
		{582FD5E4-AC38-4F9E-9518-28C0D314FE33}.Release|Any CPU.Build.0 = Release|Any CPU
		{B16ADDEE-09FF-4004-A3F6-6A333D271B94}.Debug|Any CPU.ActiveCfg = Debug|Any CPU
		{B16ADDEE-09FF-4004-A3F6-6A333D271B94}.Debug|Any CPU.Build.0 = Debug|Any CPU
		{B16ADDEE-09FF-4004-A3F6-6A333D271B94}.Release|Any CPU.ActiveCfg = Release|Any CPU
		{B16ADDEE-09FF-4004-A3F6-6A333D271B94}.Release|Any CPU.Build.0 = Release|Any CPU
		{5056699B-5171-4963-A7AD-98E523B7D969}.Debug|Any CPU.ActiveCfg = Debug|Any CPU
		{5056699B-5171-4963-A7AD-98E523B7D969}.Debug|Any CPU.Build.0 = Debug|Any CPU
		{5056699B-5171-4963-A7AD-98E523B7D969}.Release|Any CPU.ActiveCfg = Release|Any CPU
		{5056699B-5171-4963-A7AD-98E523B7D969}.Release|Any CPU.Build.0 = Release|Any CPU
		{E2E20EC0-83F3-4E54-9091-5EA9D3625910}.Debug|Any CPU.ActiveCfg = Debug|Any CPU
		{E2E20EC0-83F3-4E54-9091-5EA9D3625910}.Debug|Any CPU.Build.0 = Debug|Any CPU
		{E2E20EC0-83F3-4E54-9091-5EA9D3625910}.Release|Any CPU.ActiveCfg = Release|Any CPU
		{E2E20EC0-83F3-4E54-9091-5EA9D3625910}.Release|Any CPU.Build.0 = Release|Any CPU
		{B4941D0A-BD68-4E7B-8D8A-2495C94695DB}.Debug|Any CPU.ActiveCfg = Debug|Any CPU
		{B4941D0A-BD68-4E7B-8D8A-2495C94695DB}.Debug|Any CPU.Build.0 = Debug|Any CPU
		{B4941D0A-BD68-4E7B-8D8A-2495C94695DB}.Release|Any CPU.ActiveCfg = Release|Any CPU
		{B4941D0A-BD68-4E7B-8D8A-2495C94695DB}.Release|Any CPU.Build.0 = Release|Any CPU
	EndGlobalSection
	GlobalSection(SolutionProperties) = preSolution
		HideSolutionNode = FALSE
	EndGlobalSection
	GlobalSection(NestedProjects) = preSolution
		{F02C1CCF-D40B-4714-9CC0-E638DC4A2B80} = {02EA681E-C7D8-13C7-8484-4AC65E1B71E8}
		{9A8594BB-06AE-4EBC-BC8A-22B1BB3E3A21} = {02EA681E-C7D8-13C7-8484-4AC65E1B71E8}
		{519913C5-6867-4353-A7FB-91D4C33F0F22} = {02EA681E-C7D8-13C7-8484-4AC65E1B71E8}
		{CFCBB828-87E8-4FB3-A810-6B3428311983} = {6BB1DBA1-D507-4404-8DA6-4CE0D9416498}
		{716BEB6F-4CB2-4885-A9FC-D6F4C7F9421D} = {6BB1DBA1-D507-4404-8DA6-4CE0D9416498}
		{3480637A-4644-475E-82D2-3CA03A4ED5CB} = {6BB1DBA1-D507-4404-8DA6-4CE0D9416498}
		{23B5E558-4C6F-44E1-8BCB-A943AD0A3A0A} = {548D950A-C6FE-4988-915F-B4166CC5B1A5}
		{0FFD60E2-1804-4F10-BD0A-155FBDCB0F0A} = {548D950A-C6FE-4988-915F-B4166CC5B1A5}
		{ECB438F6-ACD8-47BB-BC1F-853D3F88B5C6} = {548D950A-C6FE-4988-915F-B4166CC5B1A5}
		{09D841D5-F392-4D11-A71E-C76D5A3BAD7A} = {D377AE68-AD43-4364-B1F9-64FE03CF2BFF}
		{6410C544-8F4F-4AFF-9212-DC122D70EB9E} = {D377AE68-AD43-4364-B1F9-64FE03CF2BFF}
		{11CC36ED-3B29-4730-A809-71351B8A6D3D} = {D377AE68-AD43-4364-B1F9-64FE03CF2BFF}
		{78C5C641-CCC0-40A9-A273-26E719FFA635} = {621DC497-6E8B-4629-83C2-E59E12350070}
		{D0FB28AC-E0E6-4A1B-B1DA-EA9C31FC3046} = {621DC497-6E8B-4629-83C2-E59E12350070}
		{8A8B270D-73E8-4949-B208-47B1977400B6} = {621DC497-6E8B-4629-83C2-E59E12350070}
		{C0166629-AA4F-4812-96F9-7C28CD9AFD1B} = {970061B0-4E8C-4795-8900-66C589DFFAC0}
		{582FD5E4-AC38-4F9E-9518-28C0D314FE33} = {970061B0-4E8C-4795-8900-66C589DFFAC0}
		{B16ADDEE-09FF-4004-A3F6-6A333D271B94} = {970061B0-4E8C-4795-8900-66C589DFFAC0}
		{5056699B-5171-4963-A7AD-98E523B7D969} = {EEC6BFB7-E39A-4C80-8E2E-14C173AB04C0}
		{E2E20EC0-83F3-4E54-9091-5EA9D3625910} = {EEC6BFB7-E39A-4C80-8E2E-14C173AB04C0}
		{B4941D0A-BD68-4E7B-8D8A-2495C94695DB} = {EEC6BFB7-E39A-4C80-8E2E-14C173AB04C0}
	EndGlobalSection
	GlobalSection(ExtensibilityGlobals) = postSolution
		SolutionGuid = {CA0CA7E6-C502-40BA-89EF-F1D4072B6A1E}
	EndGlobalSection
EndGlobal
